
Microsoft Visual Studio Solution File, Format Version 12.00
# Visual Studio Version 17
VisualStudioVersion = 17.11.35222.181
MinimumVisualStudioVersion = 10.0.40219.1
Project("{8BC9CEB8-8B4A-11D0-8D11-00A0C91BC942}") = "class_oop_git", "class_oop_git\class_oop_git.vcxproj", "{E0586468-CA8E-49A7-93DF-729E8E3659E7}"
EndProject
Global
	GlobalSection(SolutionConfigurationPlatforms) = preSolution
		Debug|x64 = Debug|x64
		Debug|x86 = Debug|x86
		Release|x64 = Release|x64
		Release|x86 = Release|x86
	EndGlobalSection
	GlobalSection(ProjectConfigurationPlatforms) = postSolution
		{E0586468-CA8E-49A7-93DF-729E8E3659E7}.Debug|x64.ActiveCfg = Debug|x64
		{E0586468-CA8E-49A7-93DF-729E8E3659E7}.Debug|x64.Build.0 = Debug|x64
		{E0586468-CA8E-49A7-93DF-729E8E3659E7}.Debug|x86.ActiveCfg = Debug|Win32
		{E0586468-CA8E-49A7-93DF-729E8E3659E7}.Debug|x86.Build.0 = Debug|Win32
		{E0586468-CA8E-49A7-93DF-729E8E3659E7}.Release|x64.ActiveCfg = Release|x64
		{E0586468-CA8E-49A7-93DF-729E8E3659E7}.Release|x64.Build.0 = Release|x64
		{E0586468-CA8E-49A7-93DF-729E8E3659E7}.Release|x86.ActiveCfg = Release|Win32
		{E0586468-CA8E-49A7-93DF-729E8E3659E7}.Release|x86.Build.0 = Release|Win32
	EndGlobalSection
	GlobalSection(SolutionProperties) = preSolution
		HideSolutionNode = FALSE
	EndGlobalSection
	GlobalSection(ExtensibilityGlobals) = postSolution
		SolutionGuid = {6E8E3C5F-60BB-4D4D-A4F7-1AA83E007F14}
	EndGlobalSection
EndGlobal
